
Microsoft Visual Studio Solution File, Format Version 12.00
# Visual Studio Version 17
VisualStudioVersion = 17.8.35728.64
MinimumVisualStudioVersion = 10.0.40219.1
Project("{9A19103F-16F7-4668-BE54-9A1E7A4F7556}") = "Domain", "Domain\Domain.csproj", "{A9355BDF-8B3C-4A9B-96E2-B651CB6BF2D7}"
EndProject
Project("{9A19103F-16F7-4668-BE54-9A1E7A4F7556}") = "Application", "Application\Application.csproj", "{766ECCAE-320E-4811-BD57-27A1BD183AB9}"
EndProject
Project("{9A19103F-16F7-4668-BE54-9A1E7A4F7556}") = "Infrastructure", "Infrastructure\Infrastructure.csproj", "{4D078329-9042-44CF-9373-8A102ACF34E8}"
EndProject
Project("{9A19103F-16F7-4668-BE54-9A1E7A4F7556}") = "Presentation-Console", "Presentation-Console\Presentation-Console.csproj", "{7CF4C453-FED9-42BB-BB91-E5CF41197A3D}"
EndProject
Project("{2150E333-8FDC-42A3-9474-1A3956D46DE8}") = "Elementi di soluzione", "Elementi di soluzione", "{7E217C60-3AAD-42F6-A3F0-9800CFD45685}"
	ProjectSection(SolutionItems) = preProject
		ReadMe.txt = ReadMe.txt
	EndProjectSection
EndProject
Project("{FAE04EC0-301F-11D3-BF4B-00C04F79EFBC}") = "TestApplication", "TestApplication\TestApplication.csproj", "{260042DA-A1C2-4CAD-B96D-DBAF58E44818}"
EndProject
Global
	GlobalSection(SolutionConfigurationPlatforms) = preSolution
		Debug|Any CPU = Debug|Any CPU
		Release|Any CPU = Release|Any CPU
	EndGlobalSection
	GlobalSection(ProjectConfigurationPlatforms) = postSolution
		{A9355BDF-8B3C-4A9B-96E2-B651CB6BF2D7}.Debug|Any CPU.ActiveCfg = Debug|Any CPU
		{A9355BDF-8B3C-4A9B-96E2-B651CB6BF2D7}.Debug|Any CPU.Build.0 = Debug|Any CPU
		{A9355BDF-8B3C-4A9B-96E2-B651CB6BF2D7}.Release|Any CPU.ActiveCfg = Release|Any CPU
		{A9355BDF-8B3C-4A9B-96E2-B651CB6BF2D7}.Release|Any CPU.Build.0 = Release|Any CPU
		{766ECCAE-320E-4811-BD57-27A1BD183AB9}.Debug|Any CPU.ActiveCfg = Debug|Any CPU
		{766ECCAE-320E-4811-BD57-27A1BD183AB9}.Debug|Any CPU.Build.0 = Debug|Any CPU
		{766ECCAE-320E-4811-BD57-27A1BD183AB9}.Release|Any CPU.ActiveCfg = Release|Any CPU
		{766ECCAE-320E-4811-BD57-27A1BD183AB9}.Release|Any CPU.Build.0 = Release|Any CPU
		{4D078329-9042-44CF-9373-8A102ACF34E8}.Debug|Any CPU.ActiveCfg = Debug|Any CPU
		{4D078329-9042-44CF-9373-8A102ACF34E8}.Debug|Any CPU.Build.0 = Debug|Any CPU
		{4D078329-9042-44CF-9373-8A102ACF34E8}.Release|Any CPU.ActiveCfg = Release|Any CPU
		{4D078329-9042-44CF-9373-8A102ACF34E8}.Release|Any CPU.Build.0 = Release|Any CPU
		{7CF4C453-FED9-42BB-BB91-E5CF41197A3D}.Debug|Any CPU.ActiveCfg = Debug|Any CPU
		{7CF4C453-FED9-42BB-BB91-E5CF41197A3D}.Debug|Any CPU.Build.0 = Debug|Any CPU
		{7CF4C453-FED9-42BB-BB91-E5CF41197A3D}.Release|Any CPU.ActiveCfg = Release|Any CPU
		{7CF4C453-FED9-42BB-BB91-E5CF41197A3D}.Release|Any CPU.Build.0 = Release|Any CPU
		{260042DA-A1C2-4CAD-B96D-DBAF58E44818}.Debug|Any CPU.ActiveCfg = Debug|Any CPU
		{260042DA-A1C2-4CAD-B96D-DBAF58E44818}.Debug|Any CPU.Build.0 = Debug|Any CPU
		{260042DA-A1C2-4CAD-B96D-DBAF58E44818}.Release|Any CPU.ActiveCfg = Release|Any CPU
		{260042DA-A1C2-4CAD-B96D-DBAF58E44818}.Release|Any CPU.Build.0 = Release|Any CPU
	EndGlobalSection
	GlobalSection(SolutionProperties) = preSolution
		HideSolutionNode = FALSE
	EndGlobalSection
	GlobalSection(ExtensibilityGlobals) = postSolution
		SolutionGuid = {E0D51202-81EB-4F9E-80A7-DDFA9C504588}
	EndGlobalSection
EndGlobal
